
Microsoft Visual Studio Solution File, Format Version 12.00
# Visual Studio Version 17
VisualStudioVersion = 17.3.32901.215
MinimumVisualStudioVersion = 10.0.40219.1
Project("{FAE04EC0-301F-11D3-BF4B-00C04F79EFBC}") = "Swap", "Swap\Swap.csproj", "{7C9DB1DC-E9CB-4B37-9D3C-7B7D681E4CF1}"
EndProject
Global
	GlobalSection(SolutionConfigurationPlatforms) = preSolution
		Debug|Any CPU = Debug|Any CPU
		Release|Any CPU = Release|Any CPU
	EndGlobalSection
	GlobalSection(ProjectConfigurationPlatforms) = postSolution
		{7C9DB1DC-E9CB-4B37-9D3C-7B7D681E4CF1}.Debug|Any CPU.ActiveCfg = Debug|Any CPU
		{7C9DB1DC-E9CB-4B37-9D3C-7B7D681E4CF1}.Debug|Any CPU.Build.0 = Debug|Any CPU
		{7C9DB1DC-E9CB-4B37-9D3C-7B7D681E4CF1}.Release|Any CPU.ActiveCfg = Release|Any CPU
		{7C9DB1DC-E9CB-4B37-9D3C-7B7D681E4CF1}.Release|Any CPU.Build.0 = Release|Any CPU
	EndGlobalSection
	GlobalSection(SolutionProperties) = preSolution
		HideSolutionNode = FALSE
	EndGlobalSection
	GlobalSection(ExtensibilityGlobals) = postSolution
		SolutionGuid = {07DD9E1E-1C85-4804-BDD9-4064F8CA0CA8}
	EndGlobalSection
EndGlobal
